
Microsoft Visual Studio Solution File, Format Version 12.00
# Visual Studio 15
VisualStudioVersion = 15.0.28307.106
MinimumVisualStudioVersion = 10.0.40219.1
Project("{FAE04EC0-301F-11D3-BF4B-00C04F79EFBC}") = "DAL", "DAL\DAL.csproj", "{FA07E1CC-3B2A-4A29-96F3-E842C0061F32}"
EndProject
Project("{FAE04EC0-301F-11D3-BF4B-00C04F79EFBC}") = "UnitTestProject", "UnitTestProject\UnitTestProject.csproj", "{6FD18F2A-403B-4493-8881-56DD948A2C69}"
EndProject
Project("{FAE04EC0-301F-11D3-BF4B-00C04F79EFBC}") = "EndpointServices", "EndpointServices\EndpointServices.csproj", "{4DA2C438-D9F0-4E63-AD20-1138A5CCC4B0}"
EndProject
Global
	GlobalSection(SolutionConfigurationPlatforms) = preSolution
		Debug|Any CPU = Debug|Any CPU
		Release|Any CPU = Release|Any CPU
	EndGlobalSection
	GlobalSection(ProjectConfigurationPlatforms) = postSolution
		{FA07E1CC-3B2A-4A29-96F3-E842C0061F32}.Debug|Any CPU.ActiveCfg = Debug|Any CPU
		{FA07E1CC-3B2A-4A29-96F3-E842C0061F32}.Debug|Any CPU.Build.0 = Debug|Any CPU
		{FA07E1CC-3B2A-4A29-96F3-E842C0061F32}.Release|Any CPU.ActiveCfg = Release|Any CPU
		{FA07E1CC-3B2A-4A29-96F3-E842C0061F32}.Release|Any CPU.Build.0 = Release|Any CPU
		{6FD18F2A-403B-4493-8881-56DD948A2C69}.Debug|Any CPU.ActiveCfg = Debug|Any CPU
		{6FD18F2A-403B-4493-8881-56DD948A2C69}.Debug|Any CPU.Build.0 = Debug|Any CPU
		{6FD18F2A-403B-4493-8881-56DD948A2C69}.Release|Any CPU.ActiveCfg = Release|Any CPU
		{6FD18F2A-403B-4493-8881-56DD948A2C69}.Release|Any CPU.Build.0 = Release|Any CPU
		{4DA2C438-D9F0-4E63-AD20-1138A5CCC4B0}.Debug|Any CPU.ActiveCfg = Debug|Any CPU
		{4DA2C438-D9F0-4E63-AD20-1138A5CCC4B0}.Debug|Any CPU.Build.0 = Debug|Any CPU
		{4DA2C438-D9F0-4E63-AD20-1138A5CCC4B0}.Release|Any CPU.ActiveCfg = Release|Any CPU
		{4DA2C438-D9F0-4E63-AD20-1138A5CCC4B0}.Release|Any CPU.Build.0 = Release|Any CPU
	EndGlobalSection
	GlobalSection(SolutionProperties) = preSolution
		HideSolutionNode = FALSE
	EndGlobalSection
	GlobalSection(ExtensibilityGlobals) = postSolution
		SolutionGuid = {FDD48E60-9C53-4923-9CE8-7949E0687511}
	EndGlobalSection
EndGlobal
